schema: '2.0'
stages:
  prepare:
    cmd: python src/prepare.py
    deps:
    - path: data/raw/application_train.csv
      hash: md5
      md5: 793a017f41fbac1dc28176b26dbab30e
      size: 166133370
    - path: src/data/clean.py
      hash: md5
      md5: 3c337866b238b2dbd25a69f040c7eb99
      size: 13851
    - path: src/data/load.py
      hash: md5
      md5: b0a4c62ad9d2da32e7c9470683275e17
      size: 3032
    - path: src/prepare.py
      hash: md5
      md5: 8be2cc7c559b0f6c50c61a89c3166ab0
      size: 8324
    params:
      params.yaml:
        data.random_state: 42
        data.test_size: 0.15
        data.train_size: 0.7
        data.validation_size: 0.15
        preprocessing.high_cardinality_threshold: 10
        preprocessing.missing_threshold: 0.6
    outs:
    - path: data/processed/split_indices.npz
      hash: md5
      md5: a6b5005492057eda7c07ae291abe271b
      size: 3383637
    - path: data/processed/train_clean.parquet
      hash: md5
      md5: 288c3b1467811a3523c4183b6bbff8d5
      size: 23094973
    - path: reports/cleaning_summary.md
      hash: md5
      md5: c5a04ac3fbf2ffc041f298bcd83e958f
      size: 1799
  features:
    cmd: python src/features.py
    deps:
    - path: data/processed/split_indices.npz
      hash: md5
      md5: a6b5005492057eda7c07ae291abe271b
      size: 3383637
    - path: data/processed/train_clean.parquet
      hash: md5
      md5: 288c3b1467811a3523c4183b6bbff8d5
      size: 23094973
    - path: src/features.py
      hash: md5
      md5: faddb8f10e00b23d2436630b82ab7df8
      size: 7159
    - path: src/features/engineer.py
      hash: md5
      md5: 137af78dd65c6cb386bb21c4f58d557d
      size: 4257
    - path: src/features/select.py
      hash: md5
      md5: 56a359a302f7cae342e4095beab518b2
      size: 8906
    params:
      params.yaml:
        data.random_state: 42
        features.top_n: 30
    outs:
    - path: data/processed/train_engineered.parquet
      hash: md5
      md5: ca42c7a7f04851ddb5443d40abe28392
      size: 28804419
    - path: reports/selected_features.json
      hash: md5
      md5: 1486991f54884382a043c502a4a2d497
      size: 7528
  train:
    cmd: python src/train.py
    deps:
    - path: data/processed/train_engineered.parquet
      hash: md5
      md5: ca42c7a7f04851ddb5443d40abe28392
      size: 28804419
    - path: reports/selected_features.json
      hash: md5
      md5: 1486991f54884382a043c502a4a2d497
      size: 7528
    - path: src/train.py
      hash: md5
      md5: 3ee67e8932512be9705388ebbf9cac7e
      size: 9649
    params:
      params.yaml:
        baseline.C: 1.0
        baseline.class_weight: balanced
        baseline.max_iter: 200
        baseline.random_state: 42
        baseline.type: logistic_regression
        data.random_state: 42
        model.eval_metric: logloss
        model.learning_rate: 0.05
        model.max_depth: 4
        model.n_estimators: 300
        model.random_state: 42
        model.tree_method: hist
        model.type: xgboost
    outs:
    - path: models/baseline_logistic_regression.pkl
      hash: md5
      md5: 81f9b89ba4b901c5d55af95b2b144850
      size: 2817
    - path: models/feature_columns.json
      hash: md5
      md5: 32db7482a434d61e4b1ea5a4a8d70a0f
      size: 967
    - path: models/xgboost_model.pkl
      hash: md5
      md5: 7f1373ce09ec3fd29cdab01c39a935de
      size: 518915
  evaluate:
    cmd: python src/evaluate.py
    deps:
    - path: data/processed/train_engineered.parquet
      hash: md5
      md5: ca42c7a7f04851ddb5443d40abe28392
      size: 28804419
    - path: models/baseline_logistic_regression.pkl
      hash: md5
      md5: 81f9b89ba4b901c5d55af95b2b144850
      size: 2817
    - path: models/feature_columns.json
      hash: md5
      md5: 32db7482a434d61e4b1ea5a4a8d70a0f
      size: 967
    - path: models/xgboost_model.pkl
      hash: md5
      md5: 7f1373ce09ec3fd29cdab01c39a935de
      size: 518915
    - path: src/evaluate.py
      hash: md5
      md5: 8fa1570a139ad592292093d8d0bf6510
      size: 12160
    params:
      params.yaml:
        data.random_state: 42
        evaluation.primary_metric: roc_auc
        evaluation.threshold: 0.5
    outs:
    - path: reports/evaluation/confusion_matrices.png
      hash: md5
      md5: f19f8b82bc126c04bcf65901d129829d
      size: 57904
    - path: reports/evaluation/pr_curves.png
      hash: md5
      md5: c9a6188cde881a9c17531dca7eb7adb6
      size: 84654
    - path: reports/evaluation/roc_curves.png
      hash: md5
      md5: 6b2aa82f24fc123df099cb339a70f091
      size: 96926
    - path: reports/metrics.json
      hash: md5
      md5: e5b370269e3fdbf2d4f15a8812a34715
      size: 1865
  drift:
    cmd: python src/drift.py
    deps:
    - path: data/processed/train_engineered.parquet
      hash: md5
      md5: ca42c7a7f04851ddb5443d40abe28392
      size: 28804419
    - path: reports/selected_features.json
      hash: md5
      md5: 1486991f54884382a043c502a4a2d497
      size: 7528
    - path: src/drift.py
      hash: md5
      md5: 4f187ba3382ae25bba459dff2dc221cd
      size: 15384
    outs:
    - path: reports/drift/drift_report.md
      hash: md5
      md5: 17a05eead7d00bf944263995887ff923
      size: 3906
    - path: reports/drift/psi_table.csv
      hash: md5
      md5: 73aa718250c6853e7b95a2a9612bbc1f
      size: 2626
    - path: reports/drift/psi_top_features.png
      hash: md5
      md5: 35ecfcbcaa81ccef13e8f3b844c6ec92
      size: 145155
    - path: reports/drift/summary.json
      hash: md5
      md5: 8142d61932ce9e32fc1b14dffe28941b
      size: 177
