schema: '2.0'
stages:
  prepare:
    cmd: python src/prepare.py
    deps:
    - path: data/raw/application_train.csv
      hash: md5
      md5: 66f17781415d099dfb9ab65e218cee44
      size: 166132757
    - path: src/data/clean.py
      hash: md5
      md5: 3c337866b238b2dbd25a69f040c7eb99
      size: 13851
    - path: src/data/load.py
      hash: md5
      md5: 10e00e033c5ea7c855759064fffd48fb
      size: 3032
    - path: src/prepare.py
      hash: md5
      md5: 8be2cc7c559b0f6c50c61a89c3166ab0
      size: 8324
    params:
      params.yaml:
        data.random_state: 42
        data.test_size: 0.15
        data.train_size: 0.7
        data.validation_size: 0.15
        preprocessing.high_cardinality_threshold: 10
        preprocessing.missing_threshold: 0.6
    outs:
    - path: data/processed/split_indices.npz
      hash: md5
      md5: f34d7a3f7c914107ec1bc48d0303a5c4
      size: 3383626
    - path: data/processed/train_clean.parquet
      hash: md5
      md5: 1f1859b4a7ad2db29683e701df219e4f
      size: 23094920
    - path: reports/cleaning_summary.md
      hash: md5
      md5: 458ade4dacd68d5f7707d7f184424f55
      size: 1799
  features:
    cmd: python src/features.py
    deps:
    - path: data/processed/split_indices.npz
      hash: md5
      md5: f34d7a3f7c914107ec1bc48d0303a5c4
      size: 3383626
    - path: data/processed/train_clean.parquet
      hash: md5
      md5: 1f1859b4a7ad2db29683e701df219e4f
      size: 23094920
    - path: src/features.py
      hash: md5
      md5: faddb8f10e00b23d2436630b82ab7df8
      size: 7159
    - path: src/features/engineer.py
      hash: md5
      md5: 137af78dd65c6cb386bb21c4f58d557d
      size: 4257
    - path: src/features/select.py
      hash: md5
      md5: 56a359a302f7cae342e4095beab518b2
      size: 8906
    params:
      params.yaml:
        data.random_state: 42
        features.top_n: 30
    outs:
    - path: data/processed/train_engineered.parquet
      hash: md5
      md5: 0fc757f6d64488e3a06a47ef1d7d6ffb
      size: 28804357
    - path: reports/selected_features.json
      hash: md5
      md5: 133abba8d21069624bf314006cae1953
      size: 7442
  train:
    cmd: python src/train.py
    deps:
    - path: data/processed/train_engineered.parquet
      hash: md5
      md5: 0fc757f6d64488e3a06a47ef1d7d6ffb
      size: 28804357
    - path: reports/selected_features.json
      hash: md5
      md5: 133abba8d21069624bf314006cae1953
      size: 7442
    - path: src/train.py
      hash: md5
      md5: 3ee67e8932512be9705388ebbf9cac7e
      size: 9649
    params:
      params.yaml:
        baseline.C: 1.0
        baseline.class_weight: balanced
        baseline.max_iter: 200
        baseline.random_state: 42
        baseline.type: logistic_regression
        data.random_state: 42
        model.eval_metric: logloss
        model.learning_rate: 0.1
        model.max_depth: 4
        model.n_estimators: 300
        model.random_state: 42
        model.tree_method: hist
        model.type: xgboost
    outs:
    - path: models/baseline_logistic_regression.pkl
      hash: md5
      md5: 7ae0c10a7586f7192dbb69ce99a4ae8d
      size: 2817
    - path: models/feature_columns.json
      hash: md5
      md5: 5149e3e54d08f68cc431f111b54d10a9
      size: 959
    - path: models/xgboost_model.pkl
      hash: md5
      md5: cf7f345d752aa4a0689db515fe47562b
      size: 506506
  evaluate:
    cmd: python src/evaluate.py
    deps:
    - path: data/processed/train_engineered.parquet
      hash: md5
      md5: 0fc757f6d64488e3a06a47ef1d7d6ffb
      size: 28804357
    - path: models/baseline_logistic_regression.pkl
      hash: md5
      md5: 7ae0c10a7586f7192dbb69ce99a4ae8d
      size: 2817
    - path: models/feature_columns.json
      hash: md5
      md5: 5149e3e54d08f68cc431f111b54d10a9
      size: 959
    - path: models/xgboost_model.pkl
      hash: md5
      md5: cf7f345d752aa4a0689db515fe47562b
      size: 506506
    - path: src/evaluate.py
      hash: md5
      md5: 8fa1570a139ad592292093d8d0bf6510
      size: 12160
    params:
      params.yaml:
        data.random_state: 42
        evaluation.primary_metric: roc_auc
        evaluation.threshold: 0.5
    outs:
    - path: reports/evaluation/confusion_matrices.png
      hash: md5
      md5: 15717b99ba8147e8db44d3e3a6fda8a4
      size: 57135
    - path: reports/evaluation/pr_curves.png
      hash: md5
      md5: fd16c2b19ddbcc76c601940fe2fd738a
      size: 84969
    - path: reports/evaluation/roc_curves.png
      hash: md5
      md5: 78b5f65ee514a5984ad16594f59cdd39
      size: 96365
    - path: reports/metrics.json
      hash: md5
      md5: 20f154e4b57141d69042fb226df91098
      size: 1867
  drift:
    cmd: python src/drift.py
    deps:
    - path: data/processed/train_engineered.parquet
      hash: md5
      md5: 0fc757f6d64488e3a06a47ef1d7d6ffb
      size: 28804357
    - path: reports/selected_features.json
      hash: md5
      md5: 133abba8d21069624bf314006cae1953
      size: 7442
    - path: src/drift.py
      hash: md5
      md5: 4f187ba3382ae25bba459dff2dc221cd
      size: 15384
    outs:
    - path: reports/drift/drift_report.md
      hash: md5
      md5: febdca2007223cb31beb0800b6e1034b
      size: 3898
    - path: reports/drift/psi_table.csv
      hash: md5
      md5: 3a5f9d71d00bb1fedb131d72cccfe61b
      size: 2664
    - path: reports/drift/psi_top_features.png
      hash: md5
      md5: f5137e80dbce1691c4242c4f407a967f
      size: 144395
    - path: reports/drift/summary.json
      hash: md5
      md5: 70b19cdfbc680fae972d641a1d73c423
      size: 176
